# This file is automatically @generated by Poetry 2.1.1 and should not be changed by hand.

[[package]]
name = "anyio"
version = "3.5.0"
description = "High level compatibility layer for multiple asynchronous event loop implementations"
optional = false
python-versions = ">=3.6.2"
groups = ["main"]
files = [
    {file = "anyio-3.5.0-py3-none-any.whl", hash = "sha256:b5fa16c5ff93fa1046f2eeb5bbff2dad4d3514d6cda61d02816dba34fa8c3c2e"},
    {file = "anyio-3.5.0.tar.gz", hash = "sha256:a0aeffe2fb1fdf374a8e4b471444f0f3ac4fb9f5a5b542b48824475e0042a5a6"},
]

[package.dependencies]
idna = ">=2.8"
sniffio = ">=1.1"

[package.extras]
doc = ["packaging", "sphinx-autodoc-typehints (>=1.2.0)", "sphinx-rtd-theme"]
test = ["contextlib2 ; python_version < \"3.7\"", "coverage[toml] (>=4.5)", "hypothesis (>=4.0)", "mock (>=4) ; python_version < \"3.8\"", "pytest (>=6.0)", "pytest-mock (>=3.6.1)", "trustme", "uvloop (<0.15) ; python_version < \"3.7\" and platform_python_implementation == \"CPython\" and platform_system != \"Windows\"", "uvloop (>=0.15) ; python_version >= \"3.7\" and platform_python_implementation == \"CPython\" and platform_system != \"Windows\""]
trio = ["trio (>=0.16)"]

[[package]]
name = "certifi"
version = "2024.7.4"
description = "Python package for providing Mozilla's CA Bundle."
optional = false
python-versions = ">=3.6"
groups = ["main"]
files = [
    {file = "certifi-2024.7.4-py3-none-any.whl", hash = "sha256:c198e21b1289c2ab85ee4e67bb4b4ef3ead0892059901a8d5b622f24a1101e90"},
    {file = "certifi-2024.7.4.tar.gz", hash = "sha256:5a1e7645bc0ec61a09e26c36f6106dd4cf40c6db3a1fb6352b0244e7fb057c7b"},
]

[[package]]
name = "h11"
version = "0.16.0"
description = "A pure-Python, bring-your-own-I/O implementation of HTTP/1.1"
optional = false
python-versions = ">=3.8"
groups = ["main"]
files = [
    {file = "h11-0.16.0-py3-none-any.whl", hash = "sha256:63cf8bbe7522de3bf65932fda1d9c2772064ffb3dae62d55932da54b31cb6c86"},
    {file = "h11-0.16.0.tar.gz", hash = "sha256:4e35b956cf45792e4caa5885e69fba00bdbc6ffafbfa020300e549b208ee5ff1"},
]

[[package]]
name = "httpcore"
version = "0.13.2"
description = "A minimal low-level HTTP client."
optional = false
python-versions = ">=3.6"
groups = ["main"]
files = [
    {file = "httpcore-0.13.2-py3-none-any.whl", hash = "sha256:52b7d9413f6f5592a667de9209d70d4d41aba3fb0540dd7c93475c78b85941e9"},
    {file = "httpcore-0.13.2.tar.gz", hash = "sha256:c16efbdf643e1b57bde0adc12c53b08645d7d92d6d345a3f71adfc2a083e7fd2"},
]

[package.dependencies]
h11 = "==0.*"
sniffio = "==1.*"

[package.extras]
http2 = ["h2 (>=3,<5)"]

[[package]]
name = "httpx"
version = "0.25.1"
description = "The next generation HTTP client."
optional = false
python-versions = ">=3.8"
groups = ["main"]
files = [
    {file = "httpx-0.25.1-py3-none-any.whl", hash = "sha256:fec7d6cc5c27c578a391f7e87b9aa7d3d8fbcd034f6399f9f79b45bcc12a866a"},
    {file = "httpx-0.25.1.tar.gz", hash = "sha256:ffd96d5cf901e63863d9f1b4b6807861dbea4d301613415d9e6e57ead15fc5d0"},
]

[package.dependencies]
anyio = "*"
certifi = "*"
httpcore = "*"
idna = "*"
sniffio = "*"

[package.extras]
brotli = ["brotli ; platform_python_implementation == \"CPython\"", "brotlicffi ; platform_python_implementation != \"CPython\""]
cli = ["click (==8.*)", "pygments (==2.*)", "rich (>=10,<14)"]
http2 = ["h2 (>=3,<5)"]
socks = ["socksio (==1.*)"]

[[package]]
name = "idna"
version = "3.7"
description = "Internationalized Domain Names in Applications (IDNA)"
optional = false
python-versions = ">=3.5"
groups = ["main"]
files = [
    {file = "idna-3.7-py3-none-any.whl", hash = "sha256:82fee1fc78add43492d3a1898bfa6d8a904cc97d8427f683ed8e798d07761aa0"},
    {file = "idna-3.7.tar.gz", hash = "sha256:028ff3aadf0609c1fd278d8ea3089299412a7a8b9bd005dd08b9f8285bcb5cfc"},
]

[[package]]
name = "importlib-metadata"
version = "4.10.1"
description = "Read metadata from Python packages"
optional = false
python-versions = ">=3.7"
groups = ["main"]
markers = "python_version < \"3.10\""
files = [
    {file = "importlib_metadata-4.10.1-py3-none-any.whl", hash = "sha256:899e2a40a8c4a1aec681feef45733de8a6c58f3f6a0dbed2eb6574b4387a77b6"},
    {file = "importlib_metadata-4.10.1.tar.gz", hash = "sha256:951f0d8a5b7260e9db5e41d429285b5f451e928479f19d80818878527d36e95e"},
]

[package.dependencies]
zipp = ">=0.5"

[package.extras]
docs = ["jaraco.packaging (>=8.2)", "rst.linker (>=1.9)", "sphinx"]
perf = ["ipython"]
testing = ["flufl.flake8", "importlib-resources (>=1.3) ; python_version < \"3.9\"", "packaging", "pyfakefs", "pytest (>=6)", "pytest-black (>=0.3.7) ; platform_python_implementation != \"PyPy\"", "pytest-checkdocs (>=2.4)", "pytest-cov", "pytest-enabler (>=1.0.1)", "pytest-flake8", "pytest-mypy ; platform_python_implementation != \"PyPy\"", "pytest-perf (>=0.9.2)"]

[[package]]
name = "markdown"
version = "3.3.6"
description = "Python implementation of Markdown."
optional = false
python-versions = ">=3.6"
groups = ["main"]
files = [
    {file = "Markdown-3.3.6-py3-none-any.whl", hash = "sha256:9923332318f843411e9932237530df53162e29dc7a4e2b91e35764583c46c9a3"},
    {file = "Markdown-3.3.6.tar.gz", hash = "sha256:76df8ae32294ec39dcf89340382882dfa12975f87f45c3ed1ecdb1e8cefc7006"},
]

[package.dependencies]
importlib-metadata = {version = ">=4.4", markers = "python_version < \"3.10\""}

[package.extras]
testing = ["coverage", "pyyaml"]

[[package]]
name = "notion-client"
version = "0.8.0"
description = "Python client for the official Notion API"
optional = false
python-versions = ">=3.7, <4"
groups = ["main"]
files = [
    {file = "notion-client-0.8.0.tar.gz", hash = "sha256:441c51d3f0186d198c1c968cc6908a7357df201a1bd34be3e0f96a68d7f4183c"},
    {file = "notion_client-0.8.0-py2.py3-none-any.whl", hash = "sha256:fa434079a8c076128bc5537983f892e5747f84de62813b81455991b47bc01adc"},
]

[package.dependencies]
httpx = ">=0.15.0"

[[package]]
name = "notion-hugo"
version = "0.2.4"
description = "convert notion page content to markdown"
optional = false
python-versions = "*"
groups = ["main"]
files = [
    {file = "notion-hugo-0.2.4.tar.gz", hash = "sha256:d294d7ac5d1874010a9370ab9cbadbc38ac9917096b4ad244530a1637f95bcb8"},
    {file = "notion_hugo-0.2.4-py3-none-any.whl", hash = "sha256:64d07e967aade23e6d30322c90a67e20508d49518db5e4058c18bf45e63a62a4"},
]

[package.dependencies]
markdown = "*"
notion-client = "*"

[[package]]
name = "sniffio"
version = "1.2.0"
description = "Sniff out which async library your code is running under"
optional = false
python-versions = ">=3.5"
groups = ["main"]
files = [
    {file = "sniffio-1.2.0-py3-none-any.whl", hash = "sha256:471b71698eac1c2112a40ce2752bb2f4a4814c22a54a3eed3676bc0f5ca9f663"},
    {file = "sniffio-1.2.0.tar.gz", hash = "sha256:c4666eecec1d3f50960c6bdf61ab7bc350648da6c126e3cf6898d8cd4ddcd3de"},
]

[[package]]
name = "zipp"
version = "3.19.1"
description = "Backport of pathlib-compatible object wrapper for zip files"
optional = false
python-versions = ">=3.8"
groups = ["main"]
markers = "python_version < \"3.10\""
files = [
    {file = "zipp-3.19.1-py3-none-any.whl", hash = "sha256:2828e64edb5386ea6a52e7ba7cdb17bb30a73a858f5eb6eb93d8d36f5ea26091"},
    {file = "zipp-3.19.1.tar.gz", hash = "sha256:35427f6d5594f4acf82d25541438348c26736fa9b3afa2754bcd63cdb99d8e8f"},
]

[package.extras]
doc = ["furo", "jaraco.packaging (>=9.3)", "jaraco.tidelift (>=1.4)", "rst.linker (>=1.9)", "sphinx (>=3.5)", "sphinx-lint"]
test = ["big-O", "jaraco.functools", "jaraco.itertools", "jaraco.test", "more-itertools", "pytest (>=6,!=8.1.*)", "pytest-checkdocs (>=2.4)", "pytest-cov", "pytest-enabler (>=2.2)", "pytest-ignore-flaky", "pytest-mypy", "pytest-ruff (>=0.2.1)"]

[metadata]
lock-version = "2.1"
python-versions = "^3.9"
content-hash = "fc34b6bac23972b659ff53c6428c79fdebc47f8d767d5f5c5eae56427f12a660"
